
Microsoft Visual Studio Solution File, Format Version 12.00
# Visual Studio Version 17
VisualStudioVersion = 17.8.34330.188
MinimumVisualStudioVersion = 10.0.40219.1
Project("{FAE04EC0-301F-11D3-BF4B-00C04F79EFBC}") = "EmployeesManagment", "EmployeesManagment\EmployeesManagment.csproj", "{1D0D6704-5293-4084-8344-D6F028925CB6}"
EndProject
Global
	GlobalSection(SolutionConfigurationPlatforms) = preSolution
		Debug|Any CPU = Debug|Any CPU
		Release|Any CPU = Release|Any CPU
	EndGlobalSection
	GlobalSection(ProjectConfigurationPlatforms) = postSolution
		{1D0D6704-5293-4084-8344-D6F028925CB6}.Debug|Any CPU.ActiveCfg = Debug|Any CPU
		{1D0D6704-5293-4084-8344-D6F028925CB6}.Debug|Any CPU.Build.0 = Debug|Any CPU
		{1D0D6704-5293-4084-8344-D6F028925CB6}.Release|Any CPU.ActiveCfg = Release|Any CPU
		{1D0D6704-5293-4084-8344-D6F028925CB6}.Release|Any CPU.Build.0 = Release|Any CPU
	EndGlobalSection
	GlobalSection(SolutionProperties) = preSolution
		HideSolutionNode = FALSE
	EndGlobalSection
	GlobalSection(ExtensibilityGlobals) = postSolution
		SolutionGuid = {9B6288F9-125A-429D-BA5C-1A8D96FEFE95}
	EndGlobalSection
EndGlobal
